
Microsoft Visual Studio Solution File, Format Version 12.00
Project("{FAE04EC0-301F-11D3-BF4B-00C04F79EFBC}") = "CerealAPI", "CerealAPI.csproj", "{AD1B4B3E-DD9F-4DBC-A945-C55120050486}"
EndProject
Global
	GlobalSection(SolutionConfigurationPlatforms) = preSolution
		Debug|Any CPU = Debug|Any CPU
		Release|Any CPU = Release|Any CPU
	EndGlobalSection
	GlobalSection(ProjectConfigurationPlatforms) = postSolution
		{AD1B4B3E-DD9F-4DBC-A945-C55120050486}.Debug|Any CPU.ActiveCfg = Debug|Any CPU
		{AD1B4B3E-DD9F-4DBC-A945-C55120050486}.Debug|Any CPU.Build.0 = Debug|Any CPU
		{AD1B4B3E-DD9F-4DBC-A945-C55120050486}.Release|Any CPU.ActiveCfg = Release|Any CPU
		{AD1B4B3E-DD9F-4DBC-A945-C55120050486}.Release|Any CPU.Build.0 = Release|Any CPU
	EndGlobalSection
EndGlobal
